
Microsoft Visual Studio Solution File, Format Version 12.00
Project("{FAE04EC0-301F-11D3-BF4B-00C04F79EFBC}") = "AspireTodo.AppHost", "src\AspireTodo.AppHost\AspireTodo.AppHost.csproj", "{8F0BAA4B-2BF5-465E-A0FE-AA48767C468C}"
EndProject
Project("{FAE04EC0-301F-11D3-BF4B-00C04F79EFBC}") = "AspireTodo.Gateway", "src\AspireTodo.Gateway\AspireTodo.Gateway.csproj", "{3B9C69EE-C453-417D-95C2-1FB3338D8A7B}"
EndProject
Project("{2150E333-8FDC-42A3-9474-1A3956D46DE8}") = "Core", "Core", "{55FC2779-17C8-420E-A706-9D8D9D0F9B18}"
EndProject
Project("{FAE04EC0-301F-11D3-BF4B-00C04F79EFBC}") = "AspireTodo.Core.Data.Abstractions", "src\AspireTodo.Core.Data.Abstractions\AspireTodo.Core.Data.Abstractions.csproj", "{C4547682-0D53-424A-A58F-37CD330C5EAF}"
EndProject
Project("{FAE04EC0-301F-11D3-BF4B-00C04F79EFBC}") = "AspireTodo.Core.Data", "src\AspireTodo.Core.Data\AspireTodo.Core.Data.csproj", "{325D5056-0A3E-44D5-8440-DB1379DD1477}"
EndProject
Project("{FAE04EC0-301F-11D3-BF4B-00C04F79EFBC}") = "AspireTodo.Core.MassTransit", "src\AspireTodo.Core.MassTransit\AspireTodo.Core.MassTransit.csproj", "{F10B36FC-DDF4-4C63-8567-7E1EDCD79B1A}"
EndProject
Project("{2150E333-8FDC-42A3-9474-1A3956D46DE8}") = "UserManagement", "src\UserManagement", "{87562E65-09F9-4BA7-B2F7-3EDD6245B93C}"
EndProject
Project("{2150E333-8FDC-42A3-9474-1A3956D46DE8}") = "Todos", "Todos", "{2E684270-DD65-45F5-BA4A-B0CB6D3281DC}"
EndProject
Project("{FAE04EC0-301F-11D3-BF4B-00C04F79EFBC}") = "AspireTodo.UserManagement", "src\AspireTodo.UserManagement\AspireTodo.UserManagement.csproj", "{E37F4263-9963-4104-BB0E-2A7C86C96194}"
EndProject
Project("{FAE04EC0-301F-11D3-BF4B-00C04F79EFBC}") = "AspireTodo.Todos", "src\AspireTodo.Todos\AspireTodo.Todos.csproj", "{C434F4D2-A15B-42A4-8F72-4D536F811957}"
EndProject
Project("{FAE04EC0-301F-11D3-BF4B-00C04F79EFBC}") = "AspireTodo.ServiceDefaults", "src\AspireTodo.ServiceDefaults\AspireTodo.ServiceDefaults.csproj", "{DBE6724C-4423-4FF9-8DB0-DCB511226C7F}"
EndProject
Project("{FAE04EC0-301F-11D3-BF4B-00C04F79EFBC}") = "AspireTodo.UserManagement.HttpClient", "src\AspireTodo.UserManagement.HttpClient\AspireTodo.UserManagement.HttpClient.csproj", "{B7B2822A-9F88-4567-8A06-4AB1B3C92B7D}"
EndProject
Project("{FAE04EC0-301F-11D3-BF4B-00C04F79EFBC}") = "AspireTodo.UserManagement.Shared", "src\AspireTodo.UserManagement.Shared\AspireTodo.UserManagement.Shared.csproj", "{45B68482-4B06-481B-B350-2C7AA3EDF8B1}"
EndProject
Project("{FAE04EC0-301F-11D3-BF4B-00C04F79EFBC}") = "AspireTodo.Todos.Shared", "src\AspireTodo.Todos.Shared\AspireTodo.Todos.Shared.csproj", "{E8A8EAB5-C4F7-467C-9D38-2F3EFEDC86A2}"
EndProject
Project("{FAE04EC0-301F-11D3-BF4B-00C04F79EFBC}") = "AspireTodo.Core.Shared", "src\AspireTodo.Core.Shared\AspireTodo.Core.Shared.csproj", "{036C6D29-23E4-4D1D-8DD3-749643EF9AD9}"
EndProject
Project("{FAE04EC0-301F-11D3-BF4B-00C04F79EFBC}") = "AspireTodo.Core.OpenApi", "src\AspireTodo.Core.OpenApi\AspireTodo.Core.OpenApi.csproj", "{B29B465D-06BC-4CBB-BAA3-728A07589D33}"
EndProject
Project("{FAE04EC0-301F-11D3-BF4B-00C04F79EFBC}") = "AspireTodo.Core.Exceptions", "src\AspireTodo.Core.Exceptions\AspireTodo.Core.Exceptions.csproj", "{F77204E8-8221-4AED-8FA5-50D6661D6AF0}"
EndProject
Project("{FAE04EC0-301F-11D3-BF4B-00C04F79EFBC}") = "AspireTodo.Core.Identity", "src\AspireTodo.Core.Identity\AspireTodo.Core.Identity.csproj", "{0845838E-AFBA-429F-8B20-DA41BA8B2FBF}"
EndProject
Project("{FAE04EC0-301F-11D3-BF4B-00C04F79EFBC}") = "AspireTodo.Core.ExceptionHandler", "src\AspireTodo.Core.ExceptionHandler\AspireTodo.Core.ExceptionHandler.csproj", "{4BC060D7-3C9B-4C2D-8794-79461740B09D}"
EndProject
Project("{FAE04EC0-301F-11D3-BF4B-00C04F79EFBC}") = "AspireTodo.UserManagement.Events", "src\AspireTodo.UserManagement.Events\AspireTodo.UserManagement.Events.csproj", "{EE57ADC1-0C8C-4881-BD7D-41411B1239AA}"
EndProject
Global
	GlobalSection(SolutionConfigurationPlatforms) = preSolution
		Debug|Any CPU = Debug|Any CPU
		Release|Any CPU = Release|Any CPU
	EndGlobalSection
	GlobalSection(ProjectConfigurationPlatforms) = postSolution
		{8F0BAA4B-2BF5-465E-A0FE-AA48767C468C}.Debug|Any CPU.ActiveCfg = Debug|Any CPU
		{8F0BAA4B-2BF5-465E-A0FE-AA48767C468C}.Debug|Any CPU.Build.0 = Debug|Any CPU
		{8F0BAA4B-2BF5-465E-A0FE-AA48767C468C}.Release|Any CPU.ActiveCfg = Release|Any CPU
		{8F0BAA4B-2BF5-465E-A0FE-AA48767C468C}.Release|Any CPU.Build.0 = Release|Any CPU
		{3B9C69EE-C453-417D-95C2-1FB3338D8A7B}.Debug|Any CPU.ActiveCfg = Debug|Any CPU
		{3B9C69EE-C453-417D-95C2-1FB3338D8A7B}.Debug|Any CPU.Build.0 = Debug|Any CPU
		{3B9C69EE-C453-417D-95C2-1FB3338D8A7B}.Release|Any CPU.ActiveCfg = Release|Any CPU
		{3B9C69EE-C453-417D-95C2-1FB3338D8A7B}.Release|Any CPU.Build.0 = Release|Any CPU
		{C4547682-0D53-424A-A58F-37CD330C5EAF}.Debug|Any CPU.ActiveCfg = Debug|Any CPU
		{C4547682-0D53-424A-A58F-37CD330C5EAF}.Debug|Any CPU.Build.0 = Debug|Any CPU
		{C4547682-0D53-424A-A58F-37CD330C5EAF}.Release|Any CPU.ActiveCfg = Release|Any CPU
		{C4547682-0D53-424A-A58F-37CD330C5EAF}.Release|Any CPU.Build.0 = Release|Any CPU
		{325D5056-0A3E-44D5-8440-DB1379DD1477}.Debug|Any CPU.ActiveCfg = Debug|Any CPU
		{325D5056-0A3E-44D5-8440-DB1379DD1477}.Debug|Any CPU.Build.0 = Debug|Any CPU
		{325D5056-0A3E-44D5-8440-DB1379DD1477}.Release|Any CPU.ActiveCfg = Release|Any CPU
		{325D5056-0A3E-44D5-8440-DB1379DD1477}.Release|Any CPU.Build.0 = Release|Any CPU
		{F10B36FC-DDF4-4C63-8567-7E1EDCD79B1A}.Debug|Any CPU.ActiveCfg = Debug|Any CPU
		{F10B36FC-DDF4-4C63-8567-7E1EDCD79B1A}.Debug|Any CPU.Build.0 = Debug|Any CPU
		{F10B36FC-DDF4-4C63-8567-7E1EDCD79B1A}.Release|Any CPU.ActiveCfg = Release|Any CPU
		{F10B36FC-DDF4-4C63-8567-7E1EDCD79B1A}.Release|Any CPU.Build.0 = Release|Any CPU
		{E37F4263-9963-4104-BB0E-2A7C86C96194}.Debug|Any CPU.ActiveCfg = Debug|Any CPU
		{E37F4263-9963-4104-BB0E-2A7C86C96194}.Debug|Any CPU.Build.0 = Debug|Any CPU
		{E37F4263-9963-4104-BB0E-2A7C86C96194}.Release|Any CPU.ActiveCfg = Release|Any CPU
		{E37F4263-9963-4104-BB0E-2A7C86C96194}.Release|Any CPU.Build.0 = Release|Any CPU
		{C434F4D2-A15B-42A4-8F72-4D536F811957}.Debug|Any CPU.ActiveCfg = Debug|Any CPU
		{C434F4D2-A15B-42A4-8F72-4D536F811957}.Debug|Any CPU.Build.0 = Debug|Any CPU
		{C434F4D2-A15B-42A4-8F72-4D536F811957}.Release|Any CPU.ActiveCfg = Release|Any CPU
		{C434F4D2-A15B-42A4-8F72-4D536F811957}.Release|Any CPU.Build.0 = Release|Any CPU
		{DBE6724C-4423-4FF9-8DB0-DCB511226C7F}.Debug|Any CPU.ActiveCfg = Debug|Any CPU
		{DBE6724C-4423-4FF9-8DB0-DCB511226C7F}.Debug|Any CPU.Build.0 = Debug|Any CPU
		{DBE6724C-4423-4FF9-8DB0-DCB511226C7F}.Release|Any CPU.ActiveCfg = Release|Any CPU
		{DBE6724C-4423-4FF9-8DB0-DCB511226C7F}.Release|Any CPU.Build.0 = Release|Any CPU
		{B7B2822A-9F88-4567-8A06-4AB1B3C92B7D}.Debug|Any CPU.ActiveCfg = Debug|Any CPU
		{B7B2822A-9F88-4567-8A06-4AB1B3C92B7D}.Debug|Any CPU.Build.0 = Debug|Any CPU
		{B7B2822A-9F88-4567-8A06-4AB1B3C92B7D}.Release|Any CPU.ActiveCfg = Release|Any CPU
		{B7B2822A-9F88-4567-8A06-4AB1B3C92B7D}.Release|Any CPU.Build.0 = Release|Any CPU
		{45B68482-4B06-481B-B350-2C7AA3EDF8B1}.Debug|Any CPU.ActiveCfg = Debug|Any CPU
		{45B68482-4B06-481B-B350-2C7AA3EDF8B1}.Debug|Any CPU.Build.0 = Debug|Any CPU
		{45B68482-4B06-481B-B350-2C7AA3EDF8B1}.Release|Any CPU.ActiveCfg = Release|Any CPU
		{45B68482-4B06-481B-B350-2C7AA3EDF8B1}.Release|Any CPU.Build.0 = Release|Any CPU
		{E8A8EAB5-C4F7-467C-9D38-2F3EFEDC86A2}.Debug|Any CPU.ActiveCfg = Debug|Any CPU
		{E8A8EAB5-C4F7-467C-9D38-2F3EFEDC86A2}.Debug|Any CPU.Build.0 = Debug|Any CPU
		{E8A8EAB5-C4F7-467C-9D38-2F3EFEDC86A2}.Release|Any CPU.ActiveCfg = Release|Any CPU
		{E8A8EAB5-C4F7-467C-9D38-2F3EFEDC86A2}.Release|Any CPU.Build.0 = Release|Any CPU
		{036C6D29-23E4-4D1D-8DD3-749643EF9AD9}.Debug|Any CPU.ActiveCfg = Debug|Any CPU
		{036C6D29-23E4-4D1D-8DD3-749643EF9AD9}.Debug|Any CPU.Build.0 = Debug|Any CPU
		{036C6D29-23E4-4D1D-8DD3-749643EF9AD9}.Release|Any CPU.ActiveCfg = Release|Any CPU
		{036C6D29-23E4-4D1D-8DD3-749643EF9AD9}.Release|Any CPU.Build.0 = Release|Any CPU
		{B29B465D-06BC-4CBB-BAA3-728A07589D33}.Debug|Any CPU.ActiveCfg = Debug|Any CPU
		{B29B465D-06BC-4CBB-BAA3-728A07589D33}.Debug|Any CPU.Build.0 = Debug|Any CPU
		{B29B465D-06BC-4CBB-BAA3-728A07589D33}.Release|Any CPU.ActiveCfg = Release|Any CPU
		{B29B465D-06BC-4CBB-BAA3-728A07589D33}.Release|Any CPU.Build.0 = Release|Any CPU
		{F77204E8-8221-4AED-8FA5-50D6661D6AF0}.Debug|Any CPU.ActiveCfg = Debug|Any CPU
		{F77204E8-8221-4AED-8FA5-50D6661D6AF0}.Debug|Any CPU.Build.0 = Debug|Any CPU
		{F77204E8-8221-4AED-8FA5-50D6661D6AF0}.Release|Any CPU.ActiveCfg = Release|Any CPU
		{F77204E8-8221-4AED-8FA5-50D6661D6AF0}.Release|Any CPU.Build.0 = Release|Any CPU
		{0845838E-AFBA-429F-8B20-DA41BA8B2FBF}.Debug|Any CPU.ActiveCfg = Debug|Any CPU
		{0845838E-AFBA-429F-8B20-DA41BA8B2FBF}.Debug|Any CPU.Build.0 = Debug|Any CPU
		{0845838E-AFBA-429F-8B20-DA41BA8B2FBF}.Release|Any CPU.ActiveCfg = Release|Any CPU
		{0845838E-AFBA-429F-8B20-DA41BA8B2FBF}.Release|Any CPU.Build.0 = Release|Any CPU
		{4BC060D7-3C9B-4C2D-8794-79461740B09D}.Debug|Any CPU.ActiveCfg = Debug|Any CPU
		{4BC060D7-3C9B-4C2D-8794-79461740B09D}.Debug|Any CPU.Build.0 = Debug|Any CPU
		{4BC060D7-3C9B-4C2D-8794-79461740B09D}.Release|Any CPU.ActiveCfg = Release|Any CPU
		{4BC060D7-3C9B-4C2D-8794-79461740B09D}.Release|Any CPU.Build.0 = Release|Any CPU
		{EE57ADC1-0C8C-4881-BD7D-41411B1239AA}.Debug|Any CPU.ActiveCfg = Debug|Any CPU
		{EE57ADC1-0C8C-4881-BD7D-41411B1239AA}.Debug|Any CPU.Build.0 = Debug|Any CPU
		{EE57ADC1-0C8C-4881-BD7D-41411B1239AA}.Release|Any CPU.ActiveCfg = Release|Any CPU
		{EE57ADC1-0C8C-4881-BD7D-41411B1239AA}.Release|Any CPU.Build.0 = Release|Any CPU
	EndGlobalSection
	GlobalSection(NestedProjects) = preSolution
		{C4547682-0D53-424A-A58F-37CD330C5EAF} = {55FC2779-17C8-420E-A706-9D8D9D0F9B18}
		{325D5056-0A3E-44D5-8440-DB1379DD1477} = {55FC2779-17C8-420E-A706-9D8D9D0F9B18}
		{F10B36FC-DDF4-4C63-8567-7E1EDCD79B1A} = {55FC2779-17C8-420E-A706-9D8D9D0F9B18}
		{E37F4263-9963-4104-BB0E-2A7C86C96194} = {87562E65-09F9-4BA7-B2F7-3EDD6245B93C}
		{C434F4D2-A15B-42A4-8F72-4D536F811957} = {2E684270-DD65-45F5-BA4A-B0CB6D3281DC}
		{B7B2822A-9F88-4567-8A06-4AB1B3C92B7D} = {87562E65-09F9-4BA7-B2F7-3EDD6245B93C}
		{45B68482-4B06-481B-B350-2C7AA3EDF8B1} = {87562E65-09F9-4BA7-B2F7-3EDD6245B93C}
		{E8A8EAB5-C4F7-467C-9D38-2F3EFEDC86A2} = {2E684270-DD65-45F5-BA4A-B0CB6D3281DC}
		{036C6D29-23E4-4D1D-8DD3-749643EF9AD9} = {55FC2779-17C8-420E-A706-9D8D9D0F9B18}
		{B29B465D-06BC-4CBB-BAA3-728A07589D33} = {55FC2779-17C8-420E-A706-9D8D9D0F9B18}
		{F77204E8-8221-4AED-8FA5-50D6661D6AF0} = {55FC2779-17C8-420E-A706-9D8D9D0F9B18}
		{0845838E-AFBA-429F-8B20-DA41BA8B2FBF} = {55FC2779-17C8-420E-A706-9D8D9D0F9B18}
		{4BC060D7-3C9B-4C2D-8794-79461740B09D} = {55FC2779-17C8-420E-A706-9D8D9D0F9B18}
		{EE57ADC1-0C8C-4881-BD7D-41411B1239AA} = {87562E65-09F9-4BA7-B2F7-3EDD6245B93C}
	EndGlobalSection
EndGlobal
